// !$*UTF8*$!
{
	archiveVersion = 1;
	classes = {
	};
	objectVersion = 56;
	objects = {

/* Begin PBXBuildFile section */
		6E4D1D8E2A87FF7B00827E74 /* VideoApp.swift in Sources */ = {isa = PBXBuildFile; fileRef = 6E4D1D8D2A87FF7B00827E74 /* VideoApp.swift */; };
		6E4D1D902A87FF7B00827E74 /* ContentView.swift in Sources */ = {isa = PBXBuildFile; fileRef = 6E4D1D8F2A87FF7B00827E74 /* ContentView.swift */; };
		6E4D1D922A87FF7C00827E74 /* Assets.xcassets in Resources */ = {isa = PBXBuildFile; fileRef = 6E4D1D912A87FF7C00827E74 /* Assets.xcassets */; };
		6E4D1D962A87FF7C00827E74 /* Preview Assets.xcassets in Resources */ = {isa = PBXBuildFile; fileRef = 6E4D1D952A87FF7C00827E74 /* Preview Assets.xcassets */; };
		6E4D1DA72A87FFC100827E74 /* VideoStreamingKit.framework in Frameworks */ = {isa = PBXBuildFile; fileRef = 6E4D1DA12A87FFC100827E74 /* VideoStreamingKit.framework */; };
		6E4D1DA82A87FFC100827E74 /* VideoStreamingKit.framework in Embed Frameworks */ = {isa = PBXBuildFile; fileRef = 6E4D1DA12A87FFC100827E74 /* VideoStreamingKit.framework */; settings = {ATTRIBUTES = (CodeSignOnCopy, RemoveHeadersOnCopy, ); }; };
		6E4D1DAE2A87FFE300827E74 /* VideoStreamingKit.swift in Sources */ = {isa = PBXBuildFile; fileRef = 6E4D1DAD2A87FFE300827E74 /* VideoStreamingKit.swift */; };
		6ED78D742A88018800DCBDDC /* VideoStreaming in Frameworks */ = {isa = PBXBuildFile; productRef = 6ED78D732A88018800DCBDDC /* VideoStreaming */; };
		6ED78D782A8801DB00DCBDDC /* DeviceKit in Frameworks */ = {isa = PBXBuildFile; productRef = 6ED78D772A8801DB00DCBDDC /* DeviceKit */; };
		6ED78D7B2A88037E00DCBDDC /* KeychainAccess in Frameworks */ = {isa = PBXBuildFile; productRef = 6ED78D7A2A88037E00DCBDDC /* KeychainAccess */; };
/* End PBXBuildFile section */

/* Begin PBXContainerItemProxy section */
		6E4D1DA52A87FFC100827E74 /* PBXContainerItemProxy */ = {
			isa = PBXContainerItemProxy;
			containerPortal = 6E4D1D822A87FF7B00827E74 /* Project object */;
			proxyType = 1;
			remoteGlobalIDString = 6E4D1DA02A87FFC100827E74;
			remoteInfo = VideoStreamingKit;
		};
/* End PBXContainerItemProxy section */

/* Begin PBXCopyFilesBuildPhase section */
		6E4D1DA92A87FFC100827E74 /* Embed Frameworks */ = {
			isa = PBXCopyFilesBuildPhase;
			buildActionMask = 2147483647;
			dstPath = "";
			dstSubfolderSpec = 10;
			files = (
				6E4D1DA82A87FFC100827E74 /* VideoStreamingKit.framework in Embed Frameworks */,
			);
			name = "Embed Frameworks";
			runOnlyForDeploymentPostprocessing = 0;
		};
/* End PBXCopyFilesBuildPhase section */

/* Begin PBXFileReference section */
		6E4D1D8A2A87FF7B00827E74 /* VideoApp.app */ = {isa = PBXFileReference; explicitFileType = wrapper.application; includeInIndex = 0; path = VideoApp.app; sourceTree = BUILT_PRODUCTS_DIR; };
		6E4D1D8D2A87FF7B00827E74 /* VideoApp.swift */ = {isa = PBXFileReference; lastKnownFileType = sourcecode.swift; path = VideoApp.swift; sourceTree = "<group>"; };
		6E4D1D8F2A87FF7B00827E74 /* ContentView.swift */ = {isa = PBXFileReference; lastKnownFileType = sourcecode.swift; path = ContentView.swift; sourceTree = "<group>"; };
		6E4D1D912A87FF7C00827E74 /* Assets.xcassets */ = {isa = PBXFileReference; lastKnownFileType = folder.assetcatalog; path = Assets.xcassets; sourceTree = "<group>"; };
		6E4D1D932A87FF7C00827E74 /* VideoApp.entitlements */ = {isa = PBXFileReference; lastKnownFileType = text.plist.entitlements; path = VideoApp.entitlements; sourceTree = "<group>"; };
		6E4D1D952A87FF7C00827E74 /* Preview Assets.xcassets */ = {isa = PBXFileReference; lastKnownFileType = folder.assetcatalog; path = "Preview Assets.xcassets"; sourceTree = "<group>"; };
		6E4D1DA12A87FFC100827E74 /* VideoStreamingKit.framework */ = {isa = PBXFileReference; explicitFileType = wrapper.framework; includeInIndex = 0; path = VideoStreamingKit.framework; sourceTree = BUILT_PRODUCTS_DIR; };
		6E4D1DAD2A87FFE300827E74 /* VideoStreamingKit.swift */ = {isa = PBXFileReference; lastKnownFileType = sourcecode.swift; path = VideoStreamingKit.swift; sourceTree = "<group>"; };
		6E4D1DB32A88014400827E74 /* Library */ = {isa = PBXFileReference; lastKnownFileType = wrapper; name = Library; path = ../Library; sourceTree = "<group>"; };
		6ED78D752A88019300DCBDDC /* Library */ = {isa = PBXFileReference; lastKnownFileType = wrapper; name = Library; path = ../Library; sourceTree = "<group>"; };
/* End PBXFileReference section */

/* Begin PBXFrameworksBuildPhase section */
		6E4D1D872A87FF7B00827E74 /* Frameworks */ = {
			isa = PBXFrameworksBuildPhase;
			buildActionMask = 2147483647;
			files = (
				6E4D1DA72A87FFC100827E74 /* VideoStreamingKit.framework in Frameworks */,
			);
			runOnlyForDeploymentPostprocessing = 0;
		};
		6E4D1D9E2A87FFC100827E74 /* Frameworks */ = {
			isa = PBXFrameworksBuildPhase;
			buildActionMask = 2147483647;
			files = (
				6ED78D742A88018800DCBDDC /* VideoStreaming in Frameworks */,
				6ED78D782A8801DB00DCBDDC /* DeviceKit in Frameworks */,
				6ED78D7B2A88037E00DCBDDC /* KeychainAccess in Frameworks */,
			);
			runOnlyForDeploymentPostprocessing = 0;
		};
/* End PBXFrameworksBuildPhase section */

/* Begin PBXGroup section */
		6E4D1D812A87FF7B00827E74 = {
			isa = PBXGroup;
			children = (
				6E4D1DAF2A88005A00827E74 /* Packages */,
				6E4D1D8C2A87FF7B00827E74 /* VideoApp */,
				6E4D1DA22A87FFC100827E74 /* VideoStreamingKit */,
				6E4D1D8B2A87FF7B00827E74 /* Products */,
				6E4D1DB22A88014400827E74 /* Frameworks */,
			);
			sourceTree = "<group>";
		};
		6E4D1D8B2A87FF7B00827E74 /* Products */ = {
			isa = PBXGroup;
			children = (
				6E4D1D8A2A87FF7B00827E74 /* VideoApp.app */,
				6E4D1DA12A87FFC100827E74 /* VideoStreamingKit.framework */,
			);
			name = Products;
			sourceTree = "<group>";
		};
		6E4D1D8C2A87FF7B00827E74 /* VideoApp */ = {
			isa = PBXGroup;
			children = (
				6E4D1D8D2A87FF7B00827E74 /* VideoApp.swift */,
				6E4D1D8F2A87FF7B00827E74 /* ContentView.swift */,
				6E4D1D912A87FF7C00827E74 /* Assets.xcassets */,
				6E4D1D932A87FF7C00827E74 /* VideoApp.entitlements */,
				6E4D1D942A87FF7C00827E74 /* Preview Content */,
			);
			path = VideoApp;
			sourceTree = "<group>";
		};
		6E4D1D942A87FF7C00827E74 /* Preview Content */ = {
			isa = PBXGroup;
			children = (
				6E4D1D952A87FF7C00827E74 /* Preview Assets.xcassets */,
			);
			path = "Preview Content";
			sourceTree = "<group>";
		};
		6E4D1DA22A87FFC100827E74 /* VideoStreamingKit */ = {
			isa = PBXGroup;
			children = (
				6E4D1DAD2A87FFE300827E74 /* VideoStreamingKit.swift */,
			);
			path = VideoStreamingKit;
			sourceTree = "<group>";
		};
		6E4D1DAF2A88005A00827E74 /* Packages */ = {
			isa = PBXGroup;
			children = (
				6ED78D752A88019300DCBDDC /* Library */,
			);
			name = Packages;
			sourceTree = "<group>";
		};
		6E4D1DB22A88014400827E74 /* Frameworks */ = {
			isa = PBXGroup;
			children = (
				6E4D1DB32A88014400827E74 /* Library */,
			);
			name = Frameworks;
			sourceTree = "<group>";
		};
/* End PBXGroup section */

/* Begin PBXHeadersBuildPhase section */
		6E4D1D9C2A87FFC100827E74 /* Headers */ = {
			isa = PBXHeadersBuildPhase;
			buildActionMask = 2147483647;
			files = (
			);
			runOnlyForDeploymentPostprocessing = 0;
		};
/* End PBXHeadersBuildPhase section */

/* Begin PBXNativeTarget section */
		6E4D1D892A87FF7B00827E74 /* VideoApp */ = {
			isa = PBXNativeTarget;
			buildConfigurationList = 6E4D1D992A87FF7C00827E74 /* Build configuration list for PBXNativeTarget "VideoApp" */;
			buildPhases = (
				6E4D1D862A87FF7B00827E74 /* Sources */,
				6E4D1D872A87FF7B00827E74 /* Frameworks */,
				6E4D1D882A87FF7B00827E74 /* Resources */,
				6E4D1DA92A87FFC100827E74 /* Embed Frameworks */,
			);
			buildRules = (
			);
			dependencies = (
				6E4D1DA62A87FFC100827E74 /* PBXTargetDependency */,
			);
			name = VideoApp;
			productName = VideoApp;
			productReference = 6E4D1D8A2A87FF7B00827E74 /* VideoApp.app */;
			productType = "com.apple.product-type.application";
		};
		6E4D1DA02A87FFC100827E74 /* VideoStreamingKit */ = {
			isa = PBXNativeTarget;
			buildConfigurationList = 6E4D1DAC2A87FFC100827E74 /* Build configuration list for PBXNativeTarget "VideoStreamingKit" */;
			buildPhases = (
				6E4D1D9C2A87FFC100827E74 /* Headers */,
				6E4D1D9D2A87FFC100827E74 /* Sources */,
				6E4D1D9E2A87FFC100827E74 /* Frameworks */,
				6E4D1D9F2A87FFC100827E74 /* Resources */,
			);
			buildRules = (
			);
			dependencies = (
			);
			name = VideoStreamingKit;
			packageProductDependencies = (
				6ED78D732A88018800DCBDDC /* VideoStreaming */,
				6ED78D772A8801DB00DCBDDC /* DeviceKit */,
				6ED78D7A2A88037E00DCBDDC /* KeychainAccess */,
			);
			productName = VideoStreamingKit;
			productReference = 6E4D1DA12A87FFC100827E74 /* VideoStreamingKit.framework */;
			productType = "com.apple.product-type.framework";
		};
/* End PBXNativeTarget section */

/* Begin PBXProject section */
		6E4D1D822A87FF7B00827E74 /* Project object */ = {
			isa = PBXProject;
			attributes = {
				BuildIndependentTargetsInParallel = 1;
				LastSwiftUpdateCheck = 1430;
				LastUpgradeCheck = 1430;
				TargetAttributes = {
					6E4D1D892A87FF7B00827E74 = {
						CreatedOnToolsVersion = 14.3.1;
					};
					6E4D1DA02A87FFC100827E74 = {
						CreatedOnToolsVersion = 14.3.1;
						LastSwiftMigration = 1430;
					};
				};
			};
			buildConfigurationList = 6E4D1D852A87FF7B00827E74 /* Build configuration list for PBXProject "VideoApp" */;
			compatibilityVersion = "Xcode 14.0";
			developmentRegion = en;
			hasScannedForEncodings = 0;
			knownRegions = (
				en,
				Base,
			);
			mainGroup = 6E4D1D812A87FF7B00827E74;
			packageReferences = (
				6ED78D762A8801DB00DCBDDC /* XCRemoteSwiftPackageReference "DeviceKit" */,
				6ED78D792A88037E00DCBDDC /* XCRemoteSwiftPackageReference "KeychainAccess" */,
			);
			productRefGroup = 6E4D1D8B2A87FF7B00827E74 /* Products */;
			projectDirPath = "";
			projectRoot = "";
			targets = (
				6E4D1D892A87FF7B00827E74 /* VideoApp */,
				6E4D1DA02A87FFC100827E74 /* VideoStreamingKit */,
			);
		};
/* End PBXProject section */

/* Begin PBXResourcesBuildPhase section */
		6E4D1D882A87FF7B00827E74 /* Resources */ = {
			isa = PBXResourcesBuildPhase;
			buildActionMask = 2147483647;
			files = (
				6E4D1D962A87FF7C00827E74 /* Preview Assets.xcassets in Resources */,
				6E4D1D922A87FF7C00827E74 /* Assets.xcassets in Resources */,
			);
			runOnlyForDeploymentPostprocessing = 0;
		};
		6E4D1D9F2A87FFC100827E74 /* Resources */ = {
			isa = PBXResourcesBuildPhase;
			buildActionMask = 2147483647;
			files = (
			);
			runOnlyForDeploymentPostprocessing = 0;
		};
/* End PBXResourcesBuildPhase section */

/* Begin PBXSourcesBuildPhase section */
		6E4D1D862A87FF7B00827E74 /* Sources */ = {
			isa = PBXSourcesBuildPhase;
			buildActionMask = 2147483647;
			files = (
				6E4D1D902A87FF7B00827E74 /* ContentView.swift in Sources */,
				6E4D1D8E2A87FF7B00827E74 /* VideoApp.swift in Sources */,
			);
			runOnlyForDeploymentPostprocessing = 0;
		};
		6E4D1D9D2A87FFC100827E74 /* Sources */ = {
			isa = PBXSourcesBuildPhase;
			buildActionMask = 2147483647;
			files = (
				6E4D1DAE2A87FFE300827E74 /* VideoStreamingKit.swift in Sources */,
			);
			runOnlyForDeploymentPostprocessing = 0;
		};
/* End PBXSourcesBuildPhase section */

/* Begin PBXTargetDependency section */
		6E4D1DA62A87FFC100827E74 /* PBXTargetDependency */ = {
			isa = PBXTargetDependency;
			target = 6E4D1DA02A87FFC100827E74 /* VideoStreamingKit */;
			targetProxy = 6E4D1DA52A87FFC100827E74 /* PBXContainerItemProxy */;
		};
/* End PBXTargetDependency section */

/* Begin XCBuildConfiguration section */
		6E4D1D972A87FF7C00827E74 /* Debug */ = {
			isa = XCBuildConfiguration;
			buildSettings = {
				ALWAYS_SEARCH_USER_PATHS = NO;
				CLANG_ANALYZER_NONNULL = YES;
				CLANG_ANALYZER_NUMBER_OBJECT_CONVERSION = YES_AGGRESSIVE;
				CLANG_CXX_LANGUAGE_STANDARD = "gnu++20";
				CLANG_ENABLE_MODULES = YES;
				CLANG_ENABLE_OBJC_ARC = YES;
				CLANG_ENABLE_OBJC_WEAK = YES;
				CLANG_WARN_BLOCK_CAPTURE_AUTORELEASING = YES;
				CLANG_WARN_BOOL_CONVERSION = YES;
				CLANG_WARN_COMMA = YES;
				CLANG_WARN_CONSTANT_CONVERSION = YES;
				CLANG_WARN_DEPRECATED_OBJC_IMPLEMENTATIONS = YES;
				CLANG_WARN_DIRECT_OBJC_ISA_USAGE = YES_ERROR;
				CLANG_WARN_DOCUMENTATION_COMMENTS = YES;
				CLANG_WARN_EMPTY_BODY = YES;
				CLANG_WARN_ENUM_CONVERSION = YES;
				CLANG_WARN_INFINITE_RECURSION = YES;
				CLANG_WARN_INT_CONVERSION = YES;
				CLANG_WARN_NON_LITERAL_NULL_CONVERSION = YES;
				CLANG_WARN_OBJC_IMPLICIT_RETAIN_SELF = YES;
				CLANG_WARN_OBJC_LITERAL_CONVERSION = YES;
				CLANG_WARN_OBJC_ROOT_CLASS = YES_ERROR;
				CLANG_WARN_QUOTED_INCLUDE_IN_FRAMEWORK_HEADER = YES;
				CLANG_WARN_RANGE_LOOP_ANALYSIS = YES;
				CLANG_WARN_STRICT_PROTOTYPES = YES;
				CLANG_WARN_SUSPICIOUS_MOVE = YES;
				CLANG_WARN_UNGUARDED_AVAILABILITY = YES_AGGRESSIVE;
				CLANG_WARN_UNREACHABLE_CODE = YES;
				CLANG_WARN__DUPLICATE_METHOD_MATCH = YES;
				COPY_PHASE_STRIP = NO;
				DEBUG_INFORMATION_FORMAT = dwarf;
				ENABLE_STRICT_OBJC_MSGSEND = YES;
				ENABLE_TESTABILITY = YES;
				GCC_C_LANGUAGE_STANDARD = gnu11;
				GCC_DYNAMIC_NO_PIC = NO;
				GCC_NO_COMMON_BLOCKS = YES;
				GCC_OPTIMIZATION_LEVEL = 0;
				GCC_PREPROCESSOR_DEFINITIONS = (
					"DEBUG=1",
					"$(inherited)",
				);
				GCC_WARN_64_TO_32_BIT_CONVERSION = YES;
				GCC_WARN_ABOUT_RETURN_TYPE = YES_ERROR;
				GCC_WARN_UNDECLARED_SELECTOR = YES;
				GCC_WARN_UNINITIALIZED_AUTOS = YES_AGGRESSIVE;
				GCC_WARN_UNUSED_FUNCTION = YES;
				GCC_WARN_UNUSED_VARIABLE = YES;
				IPHONEOS_DEPLOYMENT_TARGET = 16.0;
				MACOSX_DEPLOYMENT_TARGET = 13.0;
				MTL_ENABLE_DEBUG_INFO = INCLUDE_SOURCE;
				MTL_FAST_MATH = YES;
				ONLY_ACTIVE_ARCH = YES;
				SWIFT_ACTIVE_COMPILATION_CONDITIONS = DEBUG;
				SWIFT_OPTIMIZATION_LEVEL = "-Onone";
				TVOS_DEPLOYMENT_TARGET = 16.0;
				WATCHOS_DEPLOYMENT_TARGET = 9.0;
			};
			name = Debug;
		};
		6E4D1D982A87FF7C00827E74 /* Release */ = {
			isa = XCBuildConfiguration;
			buildSettings = {
				ALWAYS_SEARCH_USER_PATHS = NO;
				CLANG_ANALYZER_NONNULL = YES;
				CLANG_ANALYZER_NUMBER_OBJECT_CONVERSION = YES_AGGRESSIVE;
				CLANG_CXX_LANGUAGE_STANDARD = "gnu++20";
				CLANG_ENABLE_MODULES = YES;
				CLANG_ENABLE_OBJC_ARC = YES;
				CLANG_ENABLE_OBJC_WEAK = YES;
				CLANG_WARN_BLOCK_CAPTURE_AUTORELEASING = YES;
				CLANG_WARN_BOOL_CONVERSION = YES;
				CLANG_WARN_COMMA = YES;
				CLANG_WARN_CONSTANT_CONVERSION = YES;
				CLANG_WARN_DEPRECATED_OBJC_IMPLEMENTATIONS = YES;
				CLANG_WARN_DIRECT_OBJC_ISA_USAGE = YES_ERROR;
				CLANG_WARN_DOCUMENTATION_COMMENTS = YES;
				CLANG_WARN_EMPTY_BODY = YES;
				CLANG_WARN_ENUM_CONVERSION = YES;
				CLANG_WARN_INFINITE_RECURSION = YES;
				CLANG_WARN_INT_CONVERSION = YES;
				CLANG_WARN_NON_LITERAL_NULL_CONVERSION = YES;
				CLANG_WARN_OBJC_IMPLICIT_RETAIN_SELF = YES;
				CLANG_WARN_OBJC_LITERAL_CONVERSION = YES;
				CLANG_WARN_OBJC_ROOT_CLASS = YES_ERROR;
				CLANG_WARN_QUOTED_INCLUDE_IN_FRAMEWORK_HEADER = YES;
				CLANG_WARN_RANGE_LOOP_ANALYSIS = YES;
				CLANG_WARN_STRICT_PROTOTYPES = YES;
				CLANG_WARN_SUSPICIOUS_MOVE = YES;
				CLANG_WARN_UNGUARDED_AVAILABILITY = YES_AGGRESSIVE;
				CLANG_WARN_UNREACHABLE_CODE = YES;
				CLANG_WARN__DUPLICATE_METHOD_MATCH = YES;
				COPY_PHASE_STRIP = NO;
				DEBUG_INFORMATION_FORMAT = "dwarf-with-dsym";
				ENABLE_NS_ASSERTIONS = NO;
				ENABLE_STRICT_OBJC_MSGSEND = YES;
				GCC_C_LANGUAGE_STANDARD = gnu11;
				GCC_NO_COMMON_BLOCKS = YES;
				GCC_WARN_64_TO_32_BIT_CONVERSION = YES;
				GCC_WARN_ABOUT_RETURN_TYPE = YES_ERROR;
				GCC_WARN_UNDECLARED_SELECTOR = YES;
				GCC_WARN_UNINITIALIZED_AUTOS = YES_AGGRESSIVE;
				GCC_WARN_UNUSED_FUNCTION = YES;
				GCC_WARN_UNUSED_VARIABLE = YES;
				IPHONEOS_DEPLOYMENT_TARGET = 16.0;
				MACOSX_DEPLOYMENT_TARGET = 13.0;
				MTL_ENABLE_DEBUG_INFO = NO;
				MTL_FAST_MATH = YES;
				SWIFT_COMPILATION_MODE = wholemodule;
				SWIFT_OPTIMIZATION_LEVEL = "-O";
				TVOS_DEPLOYMENT_TARGET = 16.0;
				WATCHOS_DEPLOYMENT_TARGET = 9.0;
			};
			name = Release;
		};
		6E4D1D9A2A87FF7C00827E74 /* Debug */ = {
			isa = XCBuildConfiguration;
			buildSettings = {
				ALWAYS_EMBED_SWIFT_STANDARD_LIBRARIES = YES;
				ASSETCATALOG_COMPILER_APPICON_NAME = AppIcon;
				ASSETCATALOG_COMPILER_GLOBAL_ACCENT_COLOR_NAME = AccentColor;
				CODE_SIGN_ENTITLEMENTS = VideoApp/VideoApp.entitlements;
				CODE_SIGN_STYLE = Automatic;
				CURRENT_PROJECT_VERSION = 1;
				DEVELOPMENT_ASSET_PATHS = "\"VideoApp/Preview Content\"";
				DEVELOPMENT_TEAM = 4W79SG34MW;
				ENABLE_HARDENED_RUNTIME = YES;
				ENABLE_PREVIEWS = YES;
				GENERATE_INFOPLIST_FILE = YES;
				"INFOPLIST_KEY_UIApplicationSceneManifest_Generation[sdk=iphoneos*]" = YES;
				"INFOPLIST_KEY_UIApplicationSceneManifest_Generation[sdk=iphonesimulator*]" = YES;
				"INFOPLIST_KEY_UIApplicationSupportsIndirectInputEvents[sdk=iphoneos*]" = YES;
				"INFOPLIST_KEY_UIApplicationSupportsIndirectInputEvents[sdk=iphonesimulator*]" = YES;
				"INFOPLIST_KEY_UILaunchScreen_Generation[sdk=iphoneos*]" = YES;
				"INFOPLIST_KEY_UILaunchScreen_Generation[sdk=iphonesimulator*]" = YES;
				"INFOPLIST_KEY_UIStatusBarStyle[sdk=iphoneos*]" = UIStatusBarStyleDefault;
				"INFOPLIST_KEY_UIStatusBarStyle[sdk=iphonesimulator*]" = UIStatusBarStyleDefault;
				INFOPLIST_KEY_UISupportedInterfaceOrientations_iPad = "UIInterfaceOrientationPortrait UIInterfaceOrientationPortraitUpsideDown UIInterfaceOrientationLandscapeLeft UIInterfaceOrientationLandscapeRight";
				INFOPLIST_KEY_UISupportedInterfaceOrientations_iPhone = "UIInterfaceOrientationPortrait UIInterfaceOrientationLandscapeLeft UIInterfaceOrientationLandscapeRight";
				LD_RUNPATH_SEARCH_PATHS = "@executable_path/Frameworks";
				"LD_RUNPATH_SEARCH_PATHS[sdk=macosx*]" = "@executable_path/../Frameworks";
				MARKETING_VERSION = 1.0;
				PRODUCT_BUNDLE_IDENTIFIER = com.colemancda.VideoApp;
				PRODUCT_NAME = "$(TARGET_NAME)";
				SDKROOT = auto;
				SUPPORTED_PLATFORMS = "appletvos appletvsimulator iphoneos iphonesimulator macosx";
				SUPPORTS_MACCATALYST = NO;
				SUPPORTS_MAC_DESIGNED_FOR_IPHONE_IPAD = NO;
				SWIFT_EMIT_LOC_STRINGS = YES;
				SWIFT_VERSION = 5.0;
				TARGETED_DEVICE_FAMILY = "1,2,3";
			};
			name = Debug;
		};
		6E4D1D9B2A87FF7C00827E74 /* Release */ = {
			isa = XCBuildConfiguration;
			buildSettings = {
				ALWAYS_EMBED_SWIFT_STANDARD_LIBRARIES = YES;
				ASSETCATALOG_COMPILER_APPICON_NAME = AppIcon;
				ASSETCATALOG_COMPILER_GLOBAL_ACCENT_COLOR_NAME = AccentColor;
				CODE_SIGN_ENTITLEMENTS = VideoApp/VideoApp.entitlements;
				CODE_SIGN_STYLE = Automatic;
				CURRENT_PROJECT_VERSION = 1;
				DEVELOPMENT_ASSET_PATHS = "\"VideoApp/Preview Content\"";
				DEVELOPMENT_TEAM = 4W79SG34MW;
				ENABLE_HARDENED_RUNTIME = YES;
				ENABLE_PREVIEWS = YES;
				GENERATE_INFOPLIST_FILE = YES;
				"INFOPLIST_KEY_UIApplicationSceneManifest_Generation[sdk=iphoneos*]" = YES;
				"INFOPLIST_KEY_UIApplicationSceneManifest_Generation[sdk=iphonesimulator*]" = YES;
				"INFOPLIST_KEY_UIApplicationSupportsIndirectInputEvents[sdk=iphoneos*]" = YES;
				"INFOPLIST_KEY_UIApplicationSupportsIndirectInputEvents[sdk=iphonesimulator*]" = YES;
				"INFOPLIST_KEY_UILaunchScreen_Generation[sdk=iphoneos*]" = YES;
				"INFOPLIST_KEY_UILaunchScreen_Generation[sdk=iphonesimulator*]" = YES;
				"INFOPLIST_KEY_UIStatusBarStyle[sdk=iphoneos*]" = UIStatusBarStyleDefault;
				"INFOPLIST_KEY_UIStatusBarStyle[sdk=iphonesimulator*]" = UIStatusBarStyleDefault;
				INFOPLIST_KEY_UISupportedInterfaceOrientations_iPad = "UIInterfaceOrientationPortrait UIInterfaceOrientationPortraitUpsideDown UIInterfaceOrientationLandscapeLeft UIInterfaceOrientationLandscapeRight";
				INFOPLIST_KEY_UISupportedInterfaceOrientations_iPhone = "UIInterfaceOrientationPortrait UIInterfaceOrientationLandscapeLeft UIInterfaceOrientationLandscapeRight";
				LD_RUNPATH_SEARCH_PATHS = "@executable_path/Frameworks";
				"LD_RUNPATH_SEARCH_PATHS[sdk=macosx*]" = "@executable_path/../Frameworks";
				MARKETING_VERSION = 1.0;
				PRODUCT_BUNDLE_IDENTIFIER = com.colemancda.VideoApp;
				PRODUCT_NAME = "$(TARGET_NAME)";
				SDKROOT = auto;
				SUPPORTED_PLATFORMS = "appletvos appletvsimulator iphoneos iphonesimulator macosx";
				SUPPORTS_MACCATALYST = NO;
				SUPPORTS_MAC_DESIGNED_FOR_IPHONE_IPAD = NO;
				SWIFT_EMIT_LOC_STRINGS = YES;
				SWIFT_VERSION = 5.0;
				TARGETED_DEVICE_FAMILY = "1,2,3";
			};
			name = Release;
		};
		6E4D1DAA2A87FFC100827E74 /* Debug */ = {
			isa = XCBuildConfiguration;
			buildSettings = {
				CLANG_ENABLE_MODULES = YES;
				CODE_SIGN_STYLE = Automatic;
				CURRENT_PROJECT_VERSION = 1;
				DEFINES_MODULE = YES;
				DEVELOPMENT_TEAM = 4W79SG34MW;
				DYLIB_COMPATIBILITY_VERSION = 1;
				DYLIB_CURRENT_VERSION = 1;
				DYLIB_INSTALL_NAME_BASE = "@rpath";
				ENABLE_MODULE_VERIFIER = YES;
				GENERATE_INFOPLIST_FILE = YES;
				INFOPLIST_KEY_NSHumanReadableCopyright = "";
				INSTALL_PATH = "$(LOCAL_LIBRARY_DIR)/Frameworks";
				LD_RUNPATH_SEARCH_PATHS = (
					"@executable_path/Frameworks",
					"@loader_path/Frameworks",
				);
				"LD_RUNPATH_SEARCH_PATHS[sdk=macosx*]" = (
					"@executable_path/../Frameworks",
					"@loader_path/Frameworks",
				);
				MARKETING_VERSION = 1.0;
				MODULE_VERIFIER_SUPPORTED_LANGUAGES = "objective-c objective-c++";
				MODULE_VERIFIER_SUPPORTED_LANGUAGE_STANDARDS = "gnu11 gnu++20";
				PRODUCT_BUNDLE_IDENTIFIER = com.colemancda.VideoStreamingKit;
				PRODUCT_NAME = "$(TARGET_NAME:c99extidentifier)";
				SDKROOT = auto;
				SKIP_INSTALL = YES;
				SUPPORTED_PLATFORMS = "iphoneos iphonesimulator macosx";
				SWIFT_EMIT_LOC_STRINGS = YES;
				SWIFT_OPTIMIZATION_LEVEL = "-Onone";
				SWIFT_VERSION = 5.0;
				TARGETED_DEVICE_FAMILY = "1,2";
				VERSIONING_SYSTEM = "apple-generic";
				VERSION_INFO_PREFIX = "";
			};
			name = Debug;
		};
		6E4D1DAB2A87FFC100827E74 /* Release */ = {
			isa = XCBuildConfiguration;
			buildSettings = {
				CLANG_ENABLE_MODULES = YES;
				CODE_SIGN_STYLE = Automatic;
				CURRENT_PROJECT_VERSION = 1;
				DEFINES_MODULE = YES;
				DEVELOPMENT_TEAM = 4W79SG34MW;
				DYLIB_COMPATIBILITY_VERSION = 1;
				DYLIB_CURRENT_VERSION = 1;
				DYLIB_INSTALL_NAME_BASE = "@rpath";
				ENABLE_MODULE_VERIFIER = YES;
				GENERATE_INFOPLIST_FILE = YES;
				INFOPLIST_KEY_NSHumanReadableCopyright = "";
				INSTALL_PATH = "$(LOCAL_LIBRARY_DIR)/Frameworks";
				LD_RUNPATH_SEARCH_PATHS = (
					"@executable_path/Frameworks",
					"@loader_path/Frameworks",
				);
				"LD_RUNPATH_SEARCH_PATHS[sdk=macosx*]" = (
					"@executable_path/../Frameworks",
					"@loader_path/Frameworks",
				);
				MARKETING_VERSION = 1.0;
				MODULE_VERIFIER_SUPPORTED_LANGUAGES = "objective-c objective-c++";
				MODULE_VERIFIER_SUPPORTED_LANGUAGE_STANDARDS = "gnu11 gnu++20";
				PRODUCT_BUNDLE_IDENTIFIER = com.colemancda.VideoStreamingKit;
				PRODUCT_NAME = "$(TARGET_NAME:c99extidentifier)";
				SDKROOT = auto;
				SKIP_INSTALL = YES;
				SUPPORTED_PLATFORMS = "iphoneos iphonesimulator macosx";
				SWIFT_EMIT_LOC_STRINGS = YES;
				SWIFT_VERSION = 5.0;
				TARGETED_DEVICE_FAMILY = "1,2";
				VERSIONING_SYSTEM = "apple-generic";
				VERSION_INFO_PREFIX = "";
			};
			name = Release;
		};
/* End XCBuildConfiguration section */

/* Begin XCConfigurationList section */
		6E4D1D852A87FF7B00827E74 /* Build configuration list for PBXProject "VideoApp" */ = {
			isa = XCConfigurationList;
			buildConfigurations = (
				6E4D1D972A87FF7C00827E74 /* Debug */,
				6E4D1D982A87FF7C00827E74 /* Release */,
			);
			defaultConfigurationIsVisible = 0;
			defaultConfigurationName = Release;
		};
		6E4D1D992A87FF7C00827E74 /* Build configuration list for PBXNativeTarget "VideoApp" */ = {
			isa = XCConfigurationList;
			buildConfigurations = (
				6E4D1D9A2A87FF7C00827E74 /* Debug */,
				6E4D1D9B2A87FF7C00827E74 /* Release */,
			);
			defaultConfigurationIsVisible = 0;
			defaultConfigurationName = Release;
		};
		6E4D1DAC2A87FFC100827E74 /* Build configuration list for PBXNativeTarget "VideoStreamingKit" */ = {
			isa = XCConfigurationList;
			buildConfigurations = (
				6E4D1DAA2A87FFC100827E74 /* Debug */,
				6E4D1DAB2A87FFC100827E74 /* Release */,
			);
			defaultConfigurationIsVisible = 0;
			defaultConfigurationName = Release;
		};
/* End XCConfigurationList section */

/* Begin XCRemoteSwiftPackageReference section */
		6ED78D762A8801DB00DCBDDC /* XCRemoteSwiftPackageReference "DeviceKit" */ = {
			isa = XCRemoteSwiftPackageReference;
			repositoryURL = "https://github.com/devicekit/DeviceKit.git";
			requirement = {
				kind = upToNextMajorVersion;
				minimumVersion = 5.0.0;
			};
		};
		6ED78D792A88037E00DCBDDC /* XCRemoteSwiftPackageReference "KeychainAccess" */ = {
			isa = XCRemoteSwiftPackageReference;
			repositoryURL = "https://github.com/kishikawakatsumi/KeychainAccess.git";
			requirement = {
				kind = upToNextMajorVersion;
				minimumVersion = 4.2.2;
			};
		};
/* End XCRemoteSwiftPackageReference section */

/* Begin XCSwiftPackageProductDependency section */
		6ED78D732A88018800DCBDDC /* VideoStreaming */ = {
			isa = XCSwiftPackageProductDependency;
			productName = VideoStreaming;
		};
		6ED78D772A8801DB00DCBDDC /* DeviceKit */ = {
			isa = XCSwiftPackageProductDependency;
			package = 6ED78D762A8801DB00DCBDDC /* XCRemoteSwiftPackageReference "DeviceKit" */;
			productName = DeviceKit;
		};
		6ED78D7A2A88037E00DCBDDC /* KeychainAccess */ = {
			isa = XCSwiftPackageProductDependency;
			package = 6ED78D792A88037E00DCBDDC /* XCRemoteSwiftPackageReference "KeychainAccess" */;
			productName = KeychainAccess;
		};
/* End XCSwiftPackageProductDependency section */
	};
	rootObject = 6E4D1D822A87FF7B00827E74 /* Project object */;
}
